// !$*UTF8*$!
{
	archiveVersion = 1;
	classes = {
	};
	objectVersion = 46;
	objects = {

/* Begin PBXBuildFile section */
		5BB9B2991ACDA0A3007D49FC /* AppDelegate.swift in Sources */ = {isa = PBXBuildFile; fileRef = 5BB9B2981ACDA0A3007D49FC /* AppDelegate.swift */; };
		5BB9B29B1ACDA0A3007D49FC /* ViewController.swift in Sources */ = {isa = PBXBuildFile; fileRef = 5BB9B29A1ACDA0A3007D49FC /* ViewController.swift */; };
		5BB9B29E1ACDA0A3007D49FC /* Main.storyboard in Resources */ = {isa = PBXBuildFile; fileRef = 5BB9B29C1ACDA0A3007D49FC /* Main.storyboard */; };
		5BB9B2A01ACDA0A3007D49FC /* Images.xcassets in Resources */ = {isa = PBXBuildFile; fileRef = 5BB9B29F1ACDA0A3007D49FC /* Images.xcassets */; };
		5BB9B2A31ACDA0A3007D49FC /* LaunchScreen.xib in Resources */ = {isa = PBXBuildFile; fileRef = 5BB9B2A11ACDA0A3007D49FC /* LaunchScreen.xib */; };
		5BB9B2AF1ACDA0A3007D49FC /* PostcardTests.swift in Sources */ = {isa = PBXBuildFile; fileRef = 5BB9B2AE1ACDA0A3007D49FC /* PostcardTests.swift */; };
/* End PBXBuildFile section */

/* Begin PBXContainerItemProxy section */
		5BB9B2A91ACDA0A3007D49FC /* PBXContainerItemProxy */ = {
			isa = PBXContainerItemProxy;
			containerPortal = 5BB9B28B1ACDA0A3007D49FC /* Project object */;
			proxyType = 1;
			remoteGlobalIDString = 5BB9B2921ACDA0A3007D49FC;
			remoteInfo = Postcard;
		};
/* End PBXContainerItemProxy section */

/* Begin PBXFileReference section */
		5BB9B2931ACDA0A3007D49FC /* Postcard.app */ = {isa = PBXFileReference; explicitFileType = wrapper.application; includeInIndex = 0; path = Postcard.app; sourceTree = BUILT_PRODUCTS_DIR; };
		5BB9B2971ACDA0A3007D49FC /* Info.plist */ = {isa = PBXFileReference; lastKnownFileType = text.plist.xml; path = Info.plist; sourceTree = "<group>"; };
		5BB9B2981ACDA0A3007D49FC /* AppDelegate.swift */ = {isa = PBXFileReference; lastKnownFileType = sourcecode.swift; path = AppDelegate.swift; sourceTree = "<group>"; };
		5BB9B29A1ACDA0A3007D49FC /* ViewController.swift */ = {isa = PBXFileReference; lastKnownFileType = sourcecode.swift; path = ViewController.swift; sourceTree = "<group>"; };
		5BB9B29D1ACDA0A3007D49FC /* Base */ = {isa = PBXFileReference; lastKnownFileType = file.storyboard; name = Base; path = Base.lproj/Main.storyboard; sourceTree = "<group>"; };
		5BB9B29F1ACDA0A3007D49FC /* Images.xcassets */ = {isa = PBXFileReference; lastKnownFileType = folder.assetcatalog; path = Images.xcassets; sourceTree = "<group>"; };
		5BB9B2A21ACDA0A3007D49FC /* Base */ = {isa = PBXFileReference; lastKnownFileType = file.xib; name = Base; path = Base.lproj/LaunchScreen.xib; sourceTree = "<group>"; };
		5BB9B2A81ACDA0A3007D49FC /* PostcardTests.xctest */ = {isa = PBXFileReference; explicitFileType = wrapper.cfbundle; includeInIndex = 0; path = PostcardTests.xctest; sourceTree = BUILT_PRODUCTS_DIR; };
		5BB9B2AD1ACDA0A3007D49FC /* Info.plist */ = {isa = PBXFileReference; lastKnownFileType = text.plist.xml; path = Info.plist; sourceTree = "<group>"; };
		5BB9B2AE1ACDA0A3007D49FC /* PostcardTests.swift */ = {isa = PBXFileReference; lastKnownFileType = sourcecode.swift; path = PostcardTests.swift; sourceTree = "<group>"; };
/* End PBXFileReference section */

/* Begin PBXFrameworksBuildPhase section */
		5BB9B2901ACDA0A3007D49FC /* Frameworks */ = {
			isa = PBXFrameworksBuildPhase;
			buildActionMask = 2147483647;
			files = (
			);
			runOnlyForDeploymentPostprocessing = 0;
		};
		5BB9B2A51ACDA0A3007D49FC /* Frameworks */ = {
			isa = PBXFrameworksBuildPhase;
			buildActionMask = 2147483647;
			files = (
			);
			runOnlyForDeploymentPostprocessing = 0;
		};
/* End PBXFrameworksBuildPhase section */

/* Begin PBXGroup section */
		5BB9B28A1ACDA0A3007D49FC = {
			isa = PBXGroup;
			children = (
				5BB9B2951ACDA0A3007D49FC /* Postcard */,
				5BB9B2AB1ACDA0A3007D49FC /* PostcardTests */,
				5BB9B2941ACDA0A3007D49FC /* Products */,
			);
			sourceTree = "<group>";
		};
		5BB9B2941ACDA0A3007D49FC /* Products */ = {
			isa = PBXGroup;
			children = (
				5BB9B2931ACDA0A3007D49FC /* Postcard.app */,
				5BB9B2A81ACDA0A3007D49FC /* PostcardTests.xctest */,
			);
			name = Products;
			sourceTree = "<group>";
		};
		5BB9B2951ACDA0A3007D49FC /* Postcard */ = {
			isa = PBXGroup;
			children = (
				5BB9B2981ACDA0A3007D49FC /* AppDelegate.swift */,
				5BB9B29A1ACDA0A3007D49FC /* ViewController.swift */,
				5BB9B29C1ACDA0A3007D49FC /* Main.storyboard */,
				5BB9B29F1ACDA0A3007D49FC /* Images.xcassets */,
				5BB9B2A11ACDA0A3007D49FC /* LaunchScreen.xib */,
				5BB9B2961ACDA0A3007D49FC /* Supporting Files */,
			);
			path = Postcard;
			sourceTree = "<group>";
		};
		5BB9B2961ACDA0A3007D49FC /* Supporting Files */ = {
			isa = PBXGroup;
			children = (
				5BB9B2971ACDA0A3007D49FC /* Info.plist */,
			);
			name = "Supporting Files";
			sourceTree = "<group>";
		};
		5BB9B2AB1ACDA0A3007D49FC /* PostcardTests */ = {
			isa = PBXGroup;
			children = (
				5BB9B2AE1ACDA0A3007D49FC /* PostcardTests.swift */,
				5BB9B2AC1ACDA0A3007D49FC /* Supporting Files */,
			);
			path = PostcardTests;
			sourceTree = "<group>";
		};
		5BB9B2AC1ACDA0A3007D49FC /* Supporting Files */ = {
			isa = PBXGroup;
			children = (
				5BB9B2AD1ACDA0A3007D49FC /* Info.plist */,
			);
			name = "Supporting Files";
			sourceTree = "<group>";
		};
/* End PBXGroup section */

/* Begin PBXNativeTarget section */
		5BB9B2921ACDA0A3007D49FC /* Postcard */ = {
			isa = PBXNativeTarget;
			buildConfigurationList = 5BB9B2B21ACDA0A3007D49FC /* Build configuration list for PBXNativeTarget "Postcard" */;
			buildPhases = (
				5BB9B28F1ACDA0A3007D49FC /* Sources */,
				5BB9B2901ACDA0A3007D49FC /* Frameworks */,
				5BB9B2911ACDA0A3007D49FC /* Resources */,
			);
			buildRules = (
			);
			dependencies = (
			);
			name = Postcard;
			productName = Postcard;
			productReference = 5BB9B2931ACDA0A3007D49FC /* Postcard.app */;
			productType = "com.apple.product-type.application";
		};
		5BB9B2A71ACDA0A3007D49FC /* PostcardTests */ = {
			isa = PBXNativeTarget;
			buildConfigurationList = 5BB9B2B51ACDA0A3007D49FC /* Build configuration list for PBXNativeTarget "PostcardTests" */;
			buildPhases = (
				5BB9B2A41ACDA0A3007D49FC /* Sources */,
				5BB9B2A51ACDA0A3007D49FC /* Frameworks */,
				5BB9B2A61ACDA0A3007D49FC /* Resources */,
			);
			buildRules = (
			);
			dependencies = (
				5BB9B2AA1ACDA0A3007D49FC /* PBXTargetDependency */,
			);
			name = PostcardTests;
			productName = PostcardTests;
			productReference = 5BB9B2A81ACDA0A3007D49FC /* PostcardTests.xctest */;
			productType = "com.apple.product-type.bundle.unit-test";
		};
/* End PBXNativeTarget section */

/* Begin PBXProject section */
		5BB9B28B1ACDA0A3007D49FC /* Project object */ = {
			isa = PBXProject;
			attributes = {
				LastUpgradeCheck = 0620;
				ORGANIZATIONNAME = "Samarth Goenka";
				TargetAttributes = {
					5BB9B2921ACDA0A3007D49FC = {
						CreatedOnToolsVersion = 6.2;
					};
					5BB9B2A71ACDA0A3007D49FC = {
						CreatedOnToolsVersion = 6.2;
						TestTargetID = 5BB9B2921ACDA0A3007D49FC;
					};
				};
			};
			buildConfigurationList = 5BB9B28E1ACDA0A3007D49FC /* Build configuration list for PBXProject "Postcard" */;
			compatibilityVersion = "Xcode 3.2";
			developmentRegion = English;
			hasScannedForEncodings = 0;
			knownRegions = (
				en,
				Base,
			);
			mainGroup = 5BB9B28A1ACDA0A3007D49FC;
			productRefGroup = 5BB9B2941ACDA0A3007D49FC /* Products */;
			projectDirPath = "";
			projectRoot = "";
			targets = (
				5BB9B2921ACDA0A3007D49FC /* Postcard */,
				5BB9B2A71ACDA0A3007D49FC /* PostcardTests */,
			);
		};
/* End PBXProject section */

/* Begin PBXResourcesBuildPhase section */
		5BB9B2911ACDA0A3007D49FC /* Resources */ = {
			isa = PBXResourcesBuildPhase;
			buildActionMask = 2147483647;
			files = (
				5BB9B29E1ACDA0A3007D49FC /* Main.storyboard in Resources */,
				5BB9B2A31ACDA0A3007D49FC /* LaunchScreen.xib in Resources */,
				5BB9B2A01ACDA0A3007D49FC /* Images.xcassets in Resources */,
			);
			runOnlyForDeploymentPostprocessing = 0;
		};
		5BB9B2A61ACDA0A3007D49FC /* Resources */ = {
			isa = PBXResourcesBuildPhase;
			buildActionMask = 2147483647;
			files = (
			);
			runOnlyForDeploymentPostprocessing = 0;
		};
/* End PBXResourcesBuildPhase section */

/* Begin PBXSourcesBuildPhase section */
		5BB9B28F1ACDA0A3007D49FC /* Sources */ = {
			isa = PBXSourcesBuildPhase;
			buildActionMask = 2147483647;
			files = (
				5BB9B29B1ACDA0A3007D49FC /* ViewController.swift in Sources */,
				5BB9B2991ACDA0A3007D49FC /* AppDelegate.swift in Sources */,
			);
			runOnlyForDeploymentPostprocessing = 0;
		};
		5BB9B2A41ACDA0A3007D49FC /* Sources */ = {
			isa = PBXSourcesBuildPhase;
			buildActionMask = 2147483647;
			files = (
				5BB9B2AF1ACDA0A3007D49FC /* PostcardTests.swift in Sources */,
			);
			runOnlyForDeploymentPostprocessing = 0;
		};
/* End PBXSourcesBuildPhase section */

/* Begin PBXTargetDependency section */
		5BB9B2AA1ACDA0A3007D49FC /* PBXTargetDependency */ = {
			isa = PBXTargetDependency;
			target = 5BB9B2921ACDA0A3007D49FC /* Postcard */;
			targetProxy = 5BB9B2A91ACDA0A3007D49FC /* PBXContainerItemProxy */;
		};
/* End PBXTargetDependency section */

/* Begin PBXVariantGroup section */
		5BB9B29C1ACDA0A3007D49FC /* Main.storyboard */ = {
			isa = PBXVariantGroup;
			children = (
				5BB9B29D1ACDA0A3007D49FC /* Base */,
			);
			name = Main.storyboard;
			sourceTree = "<group>";
		};
		5BB9B2A11ACDA0A3007D49FC /* LaunchScreen.xib */ = {
			isa = PBXVariantGroup;
			children = (
				5BB9B2A21ACDA0A3007D49FC /* Base */,
			);
			name = LaunchScreen.xib;
			sourceTree = "<group>";
		};
/* End PBXVariantGroup section */

/* Begin XCBuildConfiguration section */
		5BB9B2B01ACDA0A3007D49FC /* Debug */ = {
			isa = XCBuildConfiguration;
			buildSettings = {
				ALWAYS_SEARCH_USER_PATHS = NO;
				CLANG_CXX_LANGUAGE_STANDARD = "gnu++0x";
				CLANG_CXX_LIBRARY = "libc++";
				CLANG_ENABLE_MODULES = YES;
				CLANG_ENABLE_OBJC_ARC = YES;
				CLANG_WARN_BOOL_CONVERSION = YES;
				CLANG_WARN_CONSTANT_CONVERSION = YES;
				CLANG_WARN_DIRECT_OBJC_ISA_USAGE = YES_ERROR;
				CLANG_WARN_EMPTY_BODY = YES;
				CLANG_WARN_ENUM_CONVERSION = YES;
				CLANG_WARN_INT_CONVERSION = YES;
				CLANG_WARN_OBJC_ROOT_CLASS = YES_ERROR;
				CLANG_WARN_UNREACHABLE_CODE = YES;
				CLANG_WARN__DUPLICATE_METHOD_MATCH = YES;
				"CODE_SIGN_IDENTITY[sdk=iphoneos*]" = "iPhone Developer";
				COPY_PHASE_STRIP = NO;
				ENABLE_STRICT_OBJC_MSGSEND = YES;
				GCC_C_LANGUAGE_STANDARD = gnu99;
				GCC_DYNAMIC_NO_PIC = NO;
				GCC_OPTIMIZATION_LEVEL = 0;
				GCC_PREPROCESSOR_DEFINITIONS = (
					"DEBUG=1",
					"$(inherited)",
				);
				GCC_SYMBOLS_PRIVATE_EXTERN = NO;
				GCC_WARN_64_TO_32_BIT_CONVERSION = YES;
				GCC_WARN_ABOUT_RETURN_TYPE = YES_ERROR;
				GCC_WARN_UNDECLARED_SELECTOR = YES;
				GCC_WARN_UNINITIALIZED_AUTOS = YES_AGGRESSIVE;
				GCC_WARN_UNUSED_FUNCTION = YES;
				GCC_WARN_UNUSED_VARIABLE = YES;
				IPHONEOS_DEPLOYMENT_TARGET = 8.2;
				MTL_ENABLE_DEBUG_INFO = YES;
				ONLY_ACTIVE_ARCH = YES;
				SDKROOT = iphoneos;
				SWIFT_OPTIMIZATION_LEVEL = "-Onone";
				TARGETED_DEVICE_FAMILY = "1,2";
			};
			name = Debug;
		};
		5BB9B2B11ACDA0A3007D49FC /* Release */ = {
			isa = XCBuildConfiguration;
			buildSettings = {
				ALWAYS_SEARCH_USER_PATHS = NO;
				CLANG_CXX_LANGUAGE_STANDARD = "gnu++0x";
				CLANG_CXX_LIBRARY = "libc++";
				CLANG_ENABLE_MODULES = YES;
				CLANG_ENABLE_OBJC_ARC = YES;
				CLANG_WARN_BOOL_CONVERSION = YES;
				CLANG_WARN_CONSTANT_CONVERSION = YES;
				CLANG_WARN_DIRECT_OBJC_ISA_USAGE = YES_ERROR;
				CLANG_WARN_EMPTY_BODY = YES;
				CLANG_WARN_ENUM_CONVERSION = YES;
				CLANG_WARN_INT_CONVERSION = YES;
				CLANG_WARN_OBJC_ROOT_CLASS = YES_ERROR;
				CLANG_WARN_UNREACHABLE_CODE = YES;
				CLANG_WARN__DUPLICATE_METHOD_MATCH = YES;
				"CODE_SIGN_IDENTITY[sdk=iphoneos*]" = "iPhone Developer";
				COPY_PHASE_STRIP = NO;
				ENABLE_NS_ASSERTIONS = NO;
				ENABLE_STRICT_OBJC_MSGSEND = YES;
				GCC_C_LANGUAGE_STANDARD = gnu99;
				GCC_WARN_64_TO_32_BIT_CONVERSION = YES;
				GCC_WARN_ABOUT_RETURN_TYPE = YES_ERROR;
				GCC_WARN_UNDECLARED_SELECTOR = YES;
				GCC_WARN_UNINITIALIZED_AUTOS = YES_AGGRESSIVE;
				GCC_WARN_UNUSED_FUNCTION = YES;
				GCC_WARN_UNUSED_VARIABLE = YES;
				IPHONEOS_DEPLOYMENT_TARGET = 8.2;
				MTL_ENABLE_DEBUG_INFO = NO;
				SDKROOT = iphoneos;
				TARGETED_DEVICE_FAMILY = "1,2";
				VALIDATE_PRODUCT = YES;
			};
			name = Release;
		};
		5BB9B2B31ACDA0A3007D49FC /* Debug */ = {
			isa = XCBuildConfiguration;
			buildSettings = {
				ASSETCATALOG_COMPILER_APPICON_NAME = AppIcon;
				INFOPLIST_FILE = Postcard/Info.plist;
				LD_RUNPATH_SEARCH_PATHS = "$(inherited) @executable_path/Frameworks";
				PRODUCT_NAME = "$(TARGET_NAME)";
			};
			name = Debug;
		};
		5BB9B2B41ACDA0A3007D49FC /* Release */ = {
			isa = XCBuildConfiguration;
			buildSettings = {
				ASSETCATALOG_COMPILER_APPICON_NAME = AppIcon;
				INFOPLIST_FILE = Postcard/Info.plist;
				LD_RUNPATH_SEARCH_PATHS = "$(inherited) @executable_path/Frameworks";
				PRODUCT_NAME = "$(TARGET_NAME)";
			};
			name = Release;
		};
		5BB9B2B61ACDA0A3007D49FC /* Debug */ = {
			isa = XCBuildConfiguration;
			buildSettings = {
				BUNDLE_LOADER = "$(TEST_HOST)";
				FRAMEWORK_SEARCH_PATHS = (
					"$(SDKROOT)/Developer/Library/Frameworks",
					"$(inherited)",
				);
				GCC_PREPROCESSOR_DEFINITIONS = (
					"DEBUG=1",
					"$(inherited)",
				);
				INFOPLIST_FILE = PostcardTests/Info.plist;
				LD_RUNPATH_SEARCH_PATHS = "$(inherited) @executable_path/Frameworks @loader_path/Frameworks";
				PRODUCT_NAME = "$(TARGET_NAME)";
				TEST_HOST = "$(BUILT_PRODUCTS_DIR)/Postcard.app/Postcard";
			};
			name = Debug;
		};
		5BB9B2B71ACDA0A3007D49FC /* Release */ = {
			isa = XCBuildConfiguration;
			buildSettings = {
				BUNDLE_LOADER = "$(TEST_HOST)";
				FRAMEWORK_SEARCH_PATHS = (
					"$(SDKROOT)/Developer/Library/Frameworks",
					"$(inherited)",
				);
				INFOPLIST_FILE = PostcardTests/Info.plist;
				LD_RUNPATH_SEARCH_PATHS = "$(inherited) @executable_path/Frameworks @loader_path/Frameworks";
				PRODUCT_NAME = "$(TARGET_NAME)";
				TEST_HOST = "$(BUILT_PRODUCTS_DIR)/Postcard.app/Postcard";
			};
			name = Release;
		};
/* End XCBuildConfiguration section */

/* Begin XCConfigurationList section */
		5BB9B28E1ACDA0A3007D49FC /* Build configuration list for PBXProject "Postcard" */ = {
			isa = XCConfigurationList;
			buildConfigurations = (
				5BB9B2B01ACDA0A3007D49FC /* Debug */,
				5BB9B2B11ACDA0A3007D49FC /* Release */,
			);
			defaultConfigurationIsVisible = 0;
			defaultConfigurationName = Release;
		};
		5BB9B2B21ACDA0A3007D49FC /* Build configuration list for PBXNativeTarget "Postcard" */ = {
			isa = XCConfigurationList;
			buildConfigurations = (
				5BB9B2B31ACDA0A3007D49FC /* Debug */,
				5BB9B2B41ACDA0A3007D49FC /* Release */,
			);
			defaultConfigurationIsVisible = 0;
		};
		5BB9B2B51ACDA0A3007D49FC /* Build configuration list for PBXNativeTarget "PostcardTests" */ = {
			isa = XCConfigurationList;
			buildConfigurations = (
				5BB9B2B61ACDA0A3007D49FC /* Debug */,
				5BB9B2B71ACDA0A3007D49FC /* Release */,
			);
			defaultConfigurationIsVisible = 0;
		};
/* End XCConfigurationList section */
	};
	rootObject = 5BB9B28B1ACDA0A3007D49FC /* Project object */;
}
